
Microsoft Visual Studio Solution File, Format Version 12.00
# Visual Studio Version 17
VisualStudioVersion = 17.14.36429.23
MinimumVisualStudioVersion = 10.0.40219.1
Project("{8BC9CEB8-8B4A-11D0-8D11-00A0C91BC942}") = "libprotobuf", "libprotobuf.vcxproj", "{4BA84065-90CD-435B-A54B-F12A9C725C3D}"
EndProject
Project("{8BC9CEB8-8B4A-11D0-8D11-00A0C91BC942}") = "protoc", "protoc.vcxproj", "{915F2915-16F2-414A-BDA4-14A42A300D1F}"
EndProject
Project("{8BC9CEB8-8B4A-11D0-8D11-00A0C91BC942}") = "abseil-cpp", "..\..\abseil-cpp\build-windows\abseil-cpp.vcxproj", "{4F102C06-C8C2-4A2E-814E-B624735295BD}"
EndProject
Global
	GlobalSection(SolutionConfigurationPlatforms) = preSolution
		Debug|x64 = Debug|x64
		Debug|x86 = Debug|x86
		Release|x64 = Release|x64
		Release|x86 = Release|x86
	EndGlobalSection
	GlobalSection(ProjectConfigurationPlatforms) = postSolution
		{4BA84065-90CD-435B-A54B-F12A9C725C3D}.Debug|x64.ActiveCfg = Debug|x64
		{4BA84065-90CD-435B-A54B-F12A9C725C3D}.Debug|x64.Build.0 = Debug|x64
		{4BA84065-90CD-435B-A54B-F12A9C725C3D}.Debug|x86.ActiveCfg = Debug|Win32
		{4BA84065-90CD-435B-A54B-F12A9C725C3D}.Debug|x86.Build.0 = Debug|Win32
		{4BA84065-90CD-435B-A54B-F12A9C725C3D}.Release|x64.ActiveCfg = Release|x64
		{4BA84065-90CD-435B-A54B-F12A9C725C3D}.Release|x64.Build.0 = Release|x64
		{4BA84065-90CD-435B-A54B-F12A9C725C3D}.Release|x86.ActiveCfg = Release|Win32
		{4BA84065-90CD-435B-A54B-F12A9C725C3D}.Release|x86.Build.0 = Release|Win32
		{915F2915-16F2-414A-BDA4-14A42A300D1F}.Debug|x64.ActiveCfg = Debug|x64
		{915F2915-16F2-414A-BDA4-14A42A300D1F}.Debug|x64.Build.0 = Debug|x64
		{915F2915-16F2-414A-BDA4-14A42A300D1F}.Debug|x86.ActiveCfg = Debug|Win32
		{915F2915-16F2-414A-BDA4-14A42A300D1F}.Debug|x86.Build.0 = Debug|Win32
		{915F2915-16F2-414A-BDA4-14A42A300D1F}.Release|x64.ActiveCfg = Release|x64
		{915F2915-16F2-414A-BDA4-14A42A300D1F}.Release|x64.Build.0 = Release|x64
		{915F2915-16F2-414A-BDA4-14A42A300D1F}.Release|x86.ActiveCfg = Release|Win32
		{915F2915-16F2-414A-BDA4-14A42A300D1F}.Release|x86.Build.0 = Release|Win32
		{4F102C06-C8C2-4A2E-814E-B624735295BD}.Debug|x64.ActiveCfg = Debug|x64
		{4F102C06-C8C2-4A2E-814E-B624735295BD}.Debug|x64.Build.0 = Debug|x64
		{4F102C06-C8C2-4A2E-814E-B624735295BD}.Debug|x86.ActiveCfg = Debug|Win32
		{4F102C06-C8C2-4A2E-814E-B624735295BD}.Debug|x86.Build.0 = Debug|Win32
		{4F102C06-C8C2-4A2E-814E-B624735295BD}.Release|x64.ActiveCfg = Release|x64
		{4F102C06-C8C2-4A2E-814E-B624735295BD}.Release|x64.Build.0 = Release|x64
		{4F102C06-C8C2-4A2E-814E-B624735295BD}.Release|x86.ActiveCfg = Release|Win32
		{4F102C06-C8C2-4A2E-814E-B624735295BD}.Release|x86.Build.0 = Release|Win32
	EndGlobalSection
	GlobalSection(SolutionProperties) = preSolution
		HideSolutionNode = FALSE
	EndGlobalSection
	GlobalSection(ExtensibilityGlobals) = postSolution
		SolutionGuid = {3AD08541-5376-4351-A361-2E3453E5E141}
	EndGlobalSection
EndGlobal
